// !$*UTF8*$!
{
	archiveVersion = 1;
	classes = {
	};
	objectVersion = 55;
	objects = {

/* Begin PBXBuildFile section */
		5540B5F927D3BB1A005DA61F /* AppDelegate.swift in Sources */ = {isa = PBXBuildFile; fileRef = 5540B5F827D3BB1A005DA61F /* AppDelegate.swift */; };
		5540B5FB27D3BB1A005DA61F /* SceneDelegate.swift in Sources */ = {isa = PBXBuildFile; fileRef = 5540B5FA27D3BB1A005DA61F /* SceneDelegate.swift */; };
		5540B5FD27D3BB1A005DA61F /* ViewController.swift in Sources */ = {isa = PBXBuildFile; fileRef = 5540B5FC27D3BB1A005DA61F /* ViewController.swift */; };
		5540B60227D3BB1C005DA61F /* Assets.xcassets in Resources */ = {isa = PBXBuildFile; fileRef = 5540B60127D3BB1C005DA61F /* Assets.xcassets */; };
		5540B60527D3BB1C005DA61F /* LaunchScreen.storyboard in Resources */ = {isa = PBXBuildFile; fileRef = 5540B60327D3BB1C005DA61F /* LaunchScreen.storyboard */; };
		5540B61327D3BC51005DA61F /* NameValidationViewController.swift in Sources */ = {isa = PBXBuildFile; fileRef = 5540B61227D3BC51005DA61F /* NameValidationViewController.swift */; };
		5540B61527D3BC68005DA61F /* EmailValidationViewController.swift in Sources */ = {isa = PBXBuildFile; fileRef = 5540B61427D3BC68005DA61F /* EmailValidationViewController.swift */; };
		5540B61827D3BE75005DA61F /* ValidationView.swift in Sources */ = {isa = PBXBuildFile; fileRef = 5540B61727D3BE75005DA61F /* ValidationView.swift */; };
		5540B61A27D3F612005DA61F /* RegularExpression.swift in Sources */ = {isa = PBXBuildFile; fileRef = 5540B61927D3F612005DA61F /* RegularExpression.swift */; };
		5540B62B27D3FDBF005DA61F /* ValidationButton.swift in Sources */ = {isa = PBXBuildFile; fileRef = 5540B62827D3FDBE005DA61F /* ValidationButton.swift */; };
		5540B62C27D3FDBF005DA61F /* ValidationTextField.swift in Sources */ = {isa = PBXBuildFile; fileRef = 5540B62927D3FDBE005DA61F /* ValidationTextField.swift */; };
		5540B62D27D3FDBF005DA61F /* RequiredLabel.swift in Sources */ = {isa = PBXBuildFile; fileRef = 5540B62A27D3FDBF005DA61F /* RequiredLabel.swift */; };
/* End PBXBuildFile section */

/* Begin PBXFileReference section */
		5540B5F527D3BB1A005DA61F /* Lesson#5.app */ = {isa = PBXFileReference; explicitFileType = wrapper.application; includeInIndex = 0; path = "Lesson#5.app"; sourceTree = BUILT_PRODUCTS_DIR; };
		5540B5F827D3BB1A005DA61F /* AppDelegate.swift */ = {isa = PBXFileReference; lastKnownFileType = sourcecode.swift; path = AppDelegate.swift; sourceTree = "<group>"; };
		5540B5FA27D3BB1A005DA61F /* SceneDelegate.swift */ = {isa = PBXFileReference; lastKnownFileType = sourcecode.swift; path = SceneDelegate.swift; sourceTree = "<group>"; };
		5540B5FC27D3BB1A005DA61F /* ViewController.swift */ = {isa = PBXFileReference; lastKnownFileType = sourcecode.swift; path = ViewController.swift; sourceTree = "<group>"; };
		5540B60127D3BB1C005DA61F /* Assets.xcassets */ = {isa = PBXFileReference; lastKnownFileType = folder.assetcatalog; path = Assets.xcassets; sourceTree = "<group>"; };
		5540B60427D3BB1C005DA61F /* Base */ = {isa = PBXFileReference; lastKnownFileType = file.storyboard; name = Base; path = Base.lproj/LaunchScreen.storyboard; sourceTree = "<group>"; };
		5540B60627D3BB1C005DA61F /* Info.plist */ = {isa = PBXFileReference; lastKnownFileType = text.plist.xml; path = Info.plist; sourceTree = "<group>"; };
		5540B61227D3BC51005DA61F /* NameValidationViewController.swift */ = {isa = PBXFileReference; lastKnownFileType = sourcecode.swift; path = NameValidationViewController.swift; sourceTree = "<group>"; };
		5540B61427D3BC68005DA61F /* EmailValidationViewController.swift */ = {isa = PBXFileReference; lastKnownFileType = sourcecode.swift; path = EmailValidationViewController.swift; sourceTree = "<group>"; };
		5540B61727D3BE75005DA61F /* ValidationView.swift */ = {isa = PBXFileReference; lastKnownFileType = sourcecode.swift; path = ValidationView.swift; sourceTree = "<group>"; };
		5540B61927D3F612005DA61F /* RegularExpression.swift */ = {isa = PBXFileReference; lastKnownFileType = sourcecode.swift; path = RegularExpression.swift; sourceTree = "<group>"; };
		5540B62827D3FDBE005DA61F /* ValidationButton.swift */ = {isa = PBXFileReference; fileEncoding = 4; lastKnownFileType = sourcecode.swift; name = ValidationButton.swift; path = ../../../ValidationButton.swift; sourceTree = "<group>"; };
		5540B62927D3FDBE005DA61F /* ValidationTextField.swift */ = {isa = PBXFileReference; fileEncoding = 4; lastKnownFileType = sourcecode.swift; name = ValidationTextField.swift; path = ../../../ValidationTextField.swift; sourceTree = "<group>"; };
		5540B62A27D3FDBF005DA61F /* RequiredLabel.swift */ = {isa = PBXFileReference; fileEncoding = 4; lastKnownFileType = sourcecode.swift; name = RequiredLabel.swift; path = ../../../RequiredLabel.swift; sourceTree = "<group>"; };
/* End PBXFileReference section */

/* Begin PBXFrameworksBuildPhase section */
		5540B5F227D3BB1A005DA61F /* Frameworks */ = {
			isa = PBXFrameworksBuildPhase;
			buildActionMask = 2147483647;
			files = (
			);
			runOnlyForDeploymentPostprocessing = 0;
		};
/* End PBXFrameworksBuildPhase section */

/* Begin PBXGroup section */
		5540B5EC27D3BB1A005DA61F = {
			isa = PBXGroup;
			children = (
				5540B5F727D3BB1A005DA61F /* Lesson#5 */,
				5540B5F627D3BB1A005DA61F /* Products */,
			);
			sourceTree = "<group>";
		};
		5540B5F627D3BB1A005DA61F /* Products */ = {
			isa = PBXGroup;
			children = (
				5540B5F527D3BB1A005DA61F /* Lesson#5.app */,
			);
			name = Products;
			sourceTree = "<group>";
		};
		5540B5F727D3BB1A005DA61F /* Lesson#5 */ = {
			isa = PBXGroup;
			children = (
				5540B5F827D3BB1A005DA61F /* AppDelegate.swift */,
				5540B5FA27D3BB1A005DA61F /* SceneDelegate.swift */,
				5540B61B27D3FCCE005DA61F /* UI Details */,
				5540B61627D3BC77005DA61F /* Controllers */,
				5540B60127D3BB1C005DA61F /* Assets.xcassets */,
				5540B60327D3BB1C005DA61F /* LaunchScreen.storyboard */,
				5540B60627D3BB1C005DA61F /* Info.plist */,
				5540B61927D3F612005DA61F /* RegularExpression.swift */,
			);
			path = "Lesson#5";
			sourceTree = "<group>";
		};
		5540B61627D3BC77005DA61F /* Controllers */ = {
			isa = PBXGroup;
			children = (
				5540B5FC27D3BB1A005DA61F /* ViewController.swift */,
				5540B61227D3BC51005DA61F /* NameValidationViewController.swift */,
				5540B61427D3BC68005DA61F /* EmailValidationViewController.swift */,
				5540B61727D3BE75005DA61F /* ValidationView.swift */,
			);
			path = Controllers;
			sourceTree = "<group>";
		};
		5540B61B27D3FCCE005DA61F /* UI Details */ = {
			isa = PBXGroup;
			children = (
				5540B62A27D3FDBF005DA61F /* RequiredLabel.swift */,
				5540B62827D3FDBE005DA61F /* ValidationButton.swift */,
				5540B62927D3FDBE005DA61F /* ValidationTextField.swift */,
			);
			path = "UI Details";
			sourceTree = "<group>";
		};
/* End PBXGroup section */

/* Begin PBXNativeTarget section */
		5540B5F427D3BB1A005DA61F /* Lesson#5 */ = {
			isa = PBXNativeTarget;
			buildConfigurationList = 5540B60927D3BB1C005DA61F /* Build configuration list for PBXNativeTarget "Lesson#5" */;
			buildPhases = (
				5540B5F127D3BB1A005DA61F /* Sources */,
				5540B5F227D3BB1A005DA61F /* Frameworks */,
				5540B5F327D3BB1A005DA61F /* Resources */,
			);
			buildRules = (
			);
			dependencies = (
			);
			name = "Lesson#5";
			productName = "Lesson#5";
			productReference = 5540B5F527D3BB1A005DA61F /* Lesson#5.app */;
			productType = "com.apple.product-type.application";
		};
/* End PBXNativeTarget section */

/* Begin PBXProject section */
		5540B5ED27D3BB1A005DA61F /* Project object */ = {
			isa = PBXProject;
			attributes = {
				BuildIndependentTargetsInParallel = 1;
				LastSwiftUpdateCheck = 1320;
				LastUpgradeCheck = 1320;
				TargetAttributes = {
					5540B5F427D3BB1A005DA61F = {
						CreatedOnToolsVersion = 13.2.1;
					};
				};
			};
			buildConfigurationList = 5540B5F027D3BB1A005DA61F /* Build configuration list for PBXProject "Lesson#5" */;
			compatibilityVersion = "Xcode 13.0";
			developmentRegion = en;
			hasScannedForEncodings = 0;
			knownRegions = (
				en,
				Base,
			);
			mainGroup = 5540B5EC27D3BB1A005DA61F;
			productRefGroup = 5540B5F627D3BB1A005DA61F /* Products */;
			projectDirPath = "";
			projectRoot = "";
			targets = (
				5540B5F427D3BB1A005DA61F /* Lesson#5 */,
			);
		};
/* End PBXProject section */

/* Begin PBXResourcesBuildPhase section */
		5540B5F327D3BB1A005DA61F /* Resources */ = {
			isa = PBXResourcesBuildPhase;
			buildActionMask = 2147483647;
			files = (
				5540B60527D3BB1C005DA61F /* LaunchScreen.storyboard in Resources */,
				5540B60227D3BB1C005DA61F /* Assets.xcassets in Resources */,
			);
			runOnlyForDeploymentPostprocessing = 0;
		};
/* End PBXResourcesBuildPhase section */

/* Begin PBXSourcesBuildPhase section */
		5540B5F127D3BB1A005DA61F /* Sources */ = {
			isa = PBXSourcesBuildPhase;
			buildActionMask = 2147483647;
			files = (
				5540B62B27D3FDBF005DA61F /* ValidationButton.swift in Sources */,
				5540B61A27D3F612005DA61F /* RegularExpression.swift in Sources */,
				5540B62C27D3FDBF005DA61F /* ValidationTextField.swift in Sources */,
				5540B61527D3BC68005DA61F /* EmailValidationViewController.swift in Sources */,
				5540B5FD27D3BB1A005DA61F /* ViewController.swift in Sources */,
				5540B62D27D3FDBF005DA61F /* RequiredLabel.swift in Sources */,
				5540B5F927D3BB1A005DA61F /* AppDelegate.swift in Sources */,
				5540B61827D3BE75005DA61F /* ValidationView.swift in Sources */,
				5540B61327D3BC51005DA61F /* NameValidationViewController.swift in Sources */,
				5540B5FB27D3BB1A005DA61F /* SceneDelegate.swift in Sources */,
			);
			runOnlyForDeploymentPostprocessing = 0;
		};
/* End PBXSourcesBuildPhase section */

/* Begin PBXVariantGroup section */
		5540B60327D3BB1C005DA61F /* LaunchScreen.storyboard */ = {
			isa = PBXVariantGroup;
			children = (
				5540B60427D3BB1C005DA61F /* Base */,
			);
			name = LaunchScreen.storyboard;
			sourceTree = "<group>";
		};
/* End PBXVariantGroup section */

/* Begin XCBuildConfiguration section */
		5540B60727D3BB1C005DA61F /* Debug */ = {
			isa = XCBuildConfiguration;
			buildSettings = {
				ALWAYS_SEARCH_USER_PATHS = NO;
				CLANG_ANALYZER_NONNULL = YES;
				CLANG_ANALYZER_NUMBER_OBJECT_CONVERSION = YES_AGGRESSIVE;
				CLANG_CXX_LANGUAGE_STANDARD = "gnu++17";
				CLANG_CXX_LIBRARY = "libc++";
				CLANG_ENABLE_MODULES = YES;
				CLANG_ENABLE_OBJC_ARC = YES;
				CLANG_ENABLE_OBJC_WEAK = YES;
				CLANG_WARN_BLOCK_CAPTURE_AUTORELEASING = YES;
				CLANG_WARN_BOOL_CONVERSION = YES;
				CLANG_WARN_COMMA = YES;
				CLANG_WARN_CONSTANT_CONVERSION = YES;
				CLANG_WARN_DEPRECATED_OBJC_IMPLEMENTATIONS = YES;
				CLANG_WARN_DIRECT_OBJC_ISA_USAGE = YES_ERROR;
				CLANG_WARN_DOCUMENTATION_COMMENTS = YES;
				CLANG_WARN_EMPTY_BODY = YES;
				CLANG_WARN_ENUM_CONVERSION = YES;
				CLANG_WARN_INFINITE_RECURSION = YES;
				CLANG_WARN_INT_CONVERSION = YES;
				CLANG_WARN_NON_LITERAL_NULL_CONVERSION = YES;
				CLANG_WARN_OBJC_IMPLICIT_RETAIN_SELF = YES;
				CLANG_WARN_OBJC_LITERAL_CONVERSION = YES;
				CLANG_WARN_OBJC_ROOT_CLASS = YES_ERROR;
				CLANG_WARN_QUOTED_INCLUDE_IN_FRAMEWORK_HEADER = YES;
				CLANG_WARN_RANGE_LOOP_ANALYSIS = YES;
				CLANG_WARN_STRICT_PROTOTYPES = YES;
				CLANG_WARN_SUSPICIOUS_MOVE = YES;
				CLANG_WARN_UNGUARDED_AVAILABILITY = YES_AGGRESSIVE;
				CLANG_WARN_UNREACHABLE_CODE = YES;
				CLANG_WARN__DUPLICATE_METHOD_MATCH = YES;
				COPY_PHASE_STRIP = NO;
				DEBUG_INFORMATION_FORMAT = dwarf;
				ENABLE_STRICT_OBJC_MSGSEND = YES;
				ENABLE_TESTABILITY = YES;
				GCC_C_LANGUAGE_STANDARD = gnu11;
				GCC_DYNAMIC_NO_PIC = NO;
				GCC_NO_COMMON_BLOCKS = YES;
				GCC_OPTIMIZATION_LEVEL = 0;
				GCC_PREPROCESSOR_DEFINITIONS = (
					"DEBUG=1",
					"$(inherited)",
				);
				GCC_WARN_64_TO_32_BIT_CONVERSION = YES;
				GCC_WARN_ABOUT_RETURN_TYPE = YES_ERROR;
				GCC_WARN_UNDECLARED_SELECTOR = YES;
				GCC_WARN_UNINITIALIZED_AUTOS = YES_AGGRESSIVE;
				GCC_WARN_UNUSED_FUNCTION = YES;
				GCC_WARN_UNUSED_VARIABLE = YES;
				IPHONEOS_DEPLOYMENT_TARGET = 15.2;
				MTL_ENABLE_DEBUG_INFO = INCLUDE_SOURCE;
				MTL_FAST_MATH = YES;
				ONLY_ACTIVE_ARCH = YES;
				SDKROOT = iphoneos;
				SWIFT_ACTIVE_COMPILATION_CONDITIONS = DEBUG;
				SWIFT_OPTIMIZATION_LEVEL = "-Onone";
			};
			name = Debug;
		};
		5540B60827D3BB1C005DA61F /* Release */ = {
			isa = XCBuildConfiguration;
			buildSettings = {
				ALWAYS_SEARCH_USER_PATHS = NO;
				CLANG_ANALYZER_NONNULL = YES;
				CLANG_ANALYZER_NUMBER_OBJECT_CONVERSION = YES_AGGRESSIVE;
				CLANG_CXX_LANGUAGE_STANDARD = "gnu++17";
				CLANG_CXX_LIBRARY = "libc++";
				CLANG_ENABLE_MODULES = YES;
				CLANG_ENABLE_OBJC_ARC = YES;
				CLANG_ENABLE_OBJC_WEAK = YES;
				CLANG_WARN_BLOCK_CAPTURE_AUTORELEASING = YES;
				CLANG_WARN_BOOL_CONVERSION = YES;
				CLANG_WARN_COMMA = YES;
				CLANG_WARN_CONSTANT_CONVERSION = YES;
				CLANG_WARN_DEPRECATED_OBJC_IMPLEMENTATIONS = YES;
				CLANG_WARN_DIRECT_OBJC_ISA_USAGE = YES_ERROR;
				CLANG_WARN_DOCUMENTATION_COMMENTS = YES;
				CLANG_WARN_EMPTY_BODY = YES;
				CLANG_WARN_ENUM_CONVERSION = YES;
				CLANG_WARN_INFINITE_RECURSION = YES;
				CLANG_WARN_INT_CONVERSION = YES;
				CLANG_WARN_NON_LITERAL_NULL_CONVERSION = YES;
				CLANG_WARN_OBJC_IMPLICIT_RETAIN_SELF = YES;
				CLANG_WARN_OBJC_LITERAL_CONVERSION = YES;
				CLANG_WARN_OBJC_ROOT_CLASS = YES_ERROR;
				CLANG_WARN_QUOTED_INCLUDE_IN_FRAMEWORK_HEADER = YES;
				CLANG_WARN_RANGE_LOOP_ANALYSIS = YES;
				CLANG_WARN_STRICT_PROTOTYPES = YES;
				CLANG_WARN_SUSPICIOUS_MOVE = YES;
				CLANG_WARN_UNGUARDED_AVAILABILITY = YES_AGGRESSIVE;
				CLANG_WARN_UNREACHABLE_CODE = YES;
				CLANG_WARN__DUPLICATE_METHOD_MATCH = YES;
				COPY_PHASE_STRIP = NO;
				DEBUG_INFORMATION_FORMAT = "dwarf-with-dsym";
				ENABLE_NS_ASSERTIONS = NO;
				ENABLE_STRICT_OBJC_MSGSEND = YES;
				GCC_C_LANGUAGE_STANDARD = gnu11;
				GCC_NO_COMMON_BLOCKS = YES;
				GCC_WARN_64_TO_32_BIT_CONVERSION = YES;
				GCC_WARN_ABOUT_RETURN_TYPE = YES_ERROR;
				GCC_WARN_UNDECLARED_SELECTOR = YES;
				GCC_WARN_UNINITIALIZED_AUTOS = YES_AGGRESSIVE;
				GCC_WARN_UNUSED_FUNCTION = YES;
				GCC_WARN_UNUSED_VARIABLE = YES;
				IPHONEOS_DEPLOYMENT_TARGET = 15.2;
				MTL_ENABLE_DEBUG_INFO = NO;
				MTL_FAST_MATH = YES;
				SDKROOT = iphoneos;
				SWIFT_COMPILATION_MODE = wholemodule;
				SWIFT_OPTIMIZATION_LEVEL = "-O";
				VALIDATE_PRODUCT = YES;
			};
			name = Release;
		};
		5540B60A27D3BB1C005DA61F /* Debug */ = {
			isa = XCBuildConfiguration;
			buildSettings = {
				ASSETCATALOG_COMPILER_APPICON_NAME = AppIcon;
				ASSETCATALOG_COMPILER_GLOBAL_ACCENT_COLOR_NAME = AccentColor;
				CODE_SIGN_STYLE = Automatic;
				CURRENT_PROJECT_VERSION = 1;
				DEVELOPMENT_TEAM = 7MQF3GGWS3;
				GENERATE_INFOPLIST_FILE = YES;
				INFOPLIST_FILE = "Lesson#5/Info.plist";
				INFOPLIST_KEY_UIApplicationSupportsIndirectInputEvents = YES;
				INFOPLIST_KEY_UILaunchStoryboardName = LaunchScreen;
				INFOPLIST_KEY_UISupportedInterfaceOrientations_iPad = "UIInterfaceOrientationPortrait UIInterfaceOrientationPortraitUpsideDown UIInterfaceOrientationLandscapeLeft UIInterfaceOrientationLandscapeRight";
				INFOPLIST_KEY_UISupportedInterfaceOrientations_iPhone = "UIInterfaceOrientationPortrait UIInterfaceOrientationLandscapeLeft UIInterfaceOrientationLandscapeRight";
				LD_RUNPATH_SEARCH_PATHS = (
					"$(inherited)",
					"@executable_path/Frameworks",
				);
				MARKETING_VERSION = 1.0;
				PRODUCT_BUNDLE_IDENTIFIER = "Andrey.Lesson-5";
				PRODUCT_NAME = "$(TARGET_NAME)";
				SWIFT_EMIT_LOC_STRINGS = YES;
				SWIFT_VERSION = 5.0;
				TARGETED_DEVICE_FAMILY = "1,2";
			};
			name = Debug;
		};
		5540B60B27D3BB1C005DA61F /* Release */ = {
			isa = XCBuildConfiguration;
			buildSettings = {
				ASSETCATALOG_COMPILER_APPICON_NAME = AppIcon;
				ASSETCATALOG_COMPILER_GLOBAL_ACCENT_COLOR_NAME = AccentColor;
				CODE_SIGN_STYLE = Automatic;
				CURRENT_PROJECT_VERSION = 1;
				DEVELOPMENT_TEAM = 7MQF3GGWS3;
				GENERATE_INFOPLIST_FILE = YES;
				INFOPLIST_FILE = "Lesson#5/Info.plist";
				INFOPLIST_KEY_UIApplicationSupportsIndirectInputEvents = YES;
				INFOPLIST_KEY_UILaunchStoryboardName = LaunchScreen;
				INFOPLIST_KEY_UISupportedInterfaceOrientations_iPad = "UIInterfaceOrientationPortrait UIInterfaceOrientationPortraitUpsideDown UIInterfaceOrientationLandscapeLeft UIInterfaceOrientationLandscapeRight";
				INFOPLIST_KEY_UISupportedInterfaceOrientations_iPhone = "UIInterfaceOrientationPortrait UIInterfaceOrientationLandscapeLeft UIInterfaceOrientationLandscapeRight";
				LD_RUNPATH_SEARCH_PATHS = (
					"$(inherited)",
					"@executable_path/Frameworks",
				);
				MARKETING_VERSION = 1.0;
				PRODUCT_BUNDLE_IDENTIFIER = "Andrey.Lesson-5";
				PRODUCT_NAME = "$(TARGET_NAME)";
				SWIFT_EMIT_LOC_STRINGS = YES;
				SWIFT_VERSION = 5.0;
				TARGETED_DEVICE_FAMILY = "1,2";
			};
			name = Release;
		};
/* End XCBuildConfiguration section */

/* Begin XCConfigurationList section */
		5540B5F027D3BB1A005DA61F /* Build configuration list for PBXProject "Lesson#5" */ = {
			isa = XCConfigurationList;
			buildConfigurations = (
				5540B60727D3BB1C005DA61F /* Debug */,
				5540B60827D3BB1C005DA61F /* Release */,
			);
			defaultConfigurationIsVisible = 0;
			defaultConfigurationName = Release;
		};
		5540B60927D3BB1C005DA61F /* Build configuration list for PBXNativeTarget "Lesson#5" */ = {
			isa = XCConfigurationList;
			buildConfigurations = (
				5540B60A27D3BB1C005DA61F /* Debug */,
				5540B60B27D3BB1C005DA61F /* Release */,
			);
			defaultConfigurationIsVisible = 0;
			defaultConfigurationName = Release;
		};
/* End XCConfigurationList section */
	};
	rootObject = 5540B5ED27D3BB1A005DA61F /* Project object */;
}
